
Microsoft Visual Studio Solution File, Format Version 12.00
# Visual Studio Version 17
VisualStudioVersion = 17.8.34408.163
MinimumVisualStudioVersion = 10.0.40219.1
Project("{8BC9CEB8-8B4A-11D0-8D11-00A0C91BC942}") = "ScriptHookV", "RedHook.vcxproj", "{9A8D6D59-23F1-49CB-A556-6E53947FA100}"
EndProject
Global
	GlobalSection(SolutionConfigurationPlatforms) = preSolution
		Debug|x64 = Debug|x64
		Debug|x86 = Debug|x86
		Release|x64 = Release|x64
		Release|x86 = Release|x86
	EndGlobalSection
	GlobalSection(ProjectConfigurationPlatforms) = postSolution
		{9A8D6D59-23F1-49CB-A556-6E53947FA100}.Debug|x64.ActiveCfg = Debug|x64
		{9A8D6D59-23F1-49CB-A556-6E53947FA100}.Debug|x64.Build.0 = Debug|x64
		{9A8D6D59-23F1-49CB-A556-6E53947FA100}.Debug|x86.ActiveCfg = Debug|Win32
		{9A8D6D59-23F1-49CB-A556-6E53947FA100}.Debug|x86.Build.0 = Debug|Win32
		{9A8D6D59-23F1-49CB-A556-6E53947FA100}.Release|x64.ActiveCfg = Release|x64
		{9A8D6D59-23F1-49CB-A556-6E53947FA100}.Release|x64.Build.0 = Release|x64
		{9A8D6D59-23F1-49CB-A556-6E53947FA100}.Release|x86.ActiveCfg = Release|Win32
		{9A8D6D59-23F1-49CB-A556-6E53947FA100}.Release|x86.Build.0 = Release|Win32
	EndGlobalSection
	GlobalSection(SolutionProperties) = preSolution
		HideSolutionNode = FALSE
	EndGlobalSection
	GlobalSection(ExtensibilityGlobals) = postSolution
		SolutionGuid = {EB860356-0DA1-4C58-869F-AC335CDBD56E}
	EndGlobalSection
EndGlobal
